
Microsoft Visual Studio Solution File, Format Version 12.00
# Visual Studio 15
VisualStudioVersion = 15.0.26730.8
MinimumVisualStudioVersion = 10.0.40219.1
Project("{FAE04EC0-301F-11D3-BF4B-00C04F79EFBC}") = "Program", "Program\Program.csproj", "{14CAA4CB-04E6-4324-A826-EDD4DC328420}"
EndProject
Global
	GlobalSection(SolutionConfigurationPlatforms) = preSolution
		Debug|Any CPU = Debug|Any CPU
		Release|Any CPU = Release|Any CPU
	EndGlobalSection
	GlobalSection(ProjectConfigurationPlatforms) = postSolution
		{14CAA4CB-04E6-4324-A826-EDD4DC328420}.Debug|Any CPU.ActiveCfg = Debug|Any CPU
		{14CAA4CB-04E6-4324-A826-EDD4DC328420}.Debug|Any CPU.Build.0 = Debug|Any CPU
		{14CAA4CB-04E6-4324-A826-EDD4DC328420}.Release|Any CPU.ActiveCfg = Release|Any CPU
		{14CAA4CB-04E6-4324-A826-EDD4DC328420}.Release|Any CPU.Build.0 = Release|Any CPU
	EndGlobalSection
	GlobalSection(SolutionProperties) = preSolution
		HideSolutionNode = FALSE
	EndGlobalSection
	GlobalSection(ExtensibilityGlobals) = postSolution
		SolutionGuid = {9D47A0AE-C192-479D-A91F-46FA715F918C}
	EndGlobalSection
EndGlobal
