
Microsoft Visual Studio Solution File, Format Version 12.00
# Visual Studio 15
VisualStudioVersion = 15.0.26730.8
MinimumVisualStudioVersion = 10.0.40219.1
Project("{FAE04EC0-301F-11D3-BF4B-00C04F79EFBC}") = "Arrays", "Arrays\Arrays.csproj", "{3F08C8B7-B06D-4F9E-A28D-81419237BAAE}"
EndProject
Global
	GlobalSection(SolutionConfigurationPlatforms) = preSolution
		Debug|Any CPU = Debug|Any CPU
		Release|Any CPU = Release|Any CPU
	EndGlobalSection
	GlobalSection(ProjectConfigurationPlatforms) = postSolution
		{3F08C8B7-B06D-4F9E-A28D-81419237BAAE}.Debug|Any CPU.ActiveCfg = Debug|Any CPU
		{3F08C8B7-B06D-4F9E-A28D-81419237BAAE}.Debug|Any CPU.Build.0 = Debug|Any CPU
		{3F08C8B7-B06D-4F9E-A28D-81419237BAAE}.Release|Any CPU.ActiveCfg = Release|Any CPU
		{3F08C8B7-B06D-4F9E-A28D-81419237BAAE}.Release|Any CPU.Build.0 = Release|Any CPU
	EndGlobalSection
	GlobalSection(SolutionProperties) = preSolution
		HideSolutionNode = FALSE
	EndGlobalSection
	GlobalSection(ExtensibilityGlobals) = postSolution
		SolutionGuid = {FBEB49FE-91E2-433D-BB30-FFAF2ECD95EC}
	EndGlobalSection
EndGlobal
