
Microsoft Visual Studio Solution File, Format Version 12.00
# Visual Studio 15
VisualStudioVersion = 15.0.26730.8
MinimumVisualStudioVersion = 10.0.40219.1
Project("{FAE04EC0-301F-11D3-BF4B-00C04F79EFBC}") = "Statements", "Statements\Statements.csproj", "{FF119FED-4851-47F4-B488-9D2191C5DEAC}"
EndProject
Global
	GlobalSection(SolutionConfigurationPlatforms) = preSolution
		Debug|Any CPU = Debug|Any CPU
		Release|Any CPU = Release|Any CPU
	EndGlobalSection
	GlobalSection(ProjectConfigurationPlatforms) = postSolution
		{FF119FED-4851-47F4-B488-9D2191C5DEAC}.Debug|Any CPU.ActiveCfg = Debug|Any CPU
		{FF119FED-4851-47F4-B488-9D2191C5DEAC}.Debug|Any CPU.Build.0 = Debug|Any CPU
		{FF119FED-4851-47F4-B488-9D2191C5DEAC}.Release|Any CPU.ActiveCfg = Release|Any CPU
		{FF119FED-4851-47F4-B488-9D2191C5DEAC}.Release|Any CPU.Build.0 = Release|Any CPU
	EndGlobalSection
	GlobalSection(SolutionProperties) = preSolution
		HideSolutionNode = FALSE
	EndGlobalSection
	GlobalSection(ExtensibilityGlobals) = postSolution
		SolutionGuid = {44F28437-8805-4060-9E76-4F6E9B2D6814}
	EndGlobalSection
EndGlobal
